
Microsoft Visual Studio Solution File, Format Version 12.00
# Visual Studio Version 17
VisualStudioVersion = 17.11.35312.102
MinimumVisualStudioVersion = 10.0.40219.1
Project("{FAE04EC0-301F-11D3-BF4B-00C04F79EFBC}") = "MonthlyReportFeature", "MonthlyReportFeature.csproj", "{3C217452-7D35-40B7-95DB-0F98B89568CA}"
EndProject
Global
	GlobalSection(SolutionConfigurationPlatforms) = preSolution
		Debug|Any CPU = Debug|Any CPU
		Release|Any CPU = Release|Any CPU
	EndGlobalSection
	GlobalSection(ProjectConfigurationPlatforms) = postSolution
		{3C217452-7D35-40B7-95DB-0F98B89568CA}.Debug|Any CPU.ActiveCfg = Debug|Any CPU
		{3C217452-7D35-40B7-95DB-0F98B89568CA}.Debug|Any CPU.Build.0 = Debug|Any CPU
		{3C217452-7D35-40B7-95DB-0F98B89568CA}.Release|Any CPU.ActiveCfg = Release|Any CPU
		{3C217452-7D35-40B7-95DB-0F98B89568CA}.Release|Any CPU.Build.0 = Release|Any CPU
	EndGlobalSection
	GlobalSection(SolutionProperties) = preSolution
		HideSolutionNode = FALSE
	EndGlobalSection
	GlobalSection(ExtensibilityGlobals) = postSolution
		SolutionGuid = {DD0F0B6A-611E-4A19-A66F-4B527463CB2E}
	EndGlobalSection
EndGlobal
